
Microsoft Visual Studio Solution File, Format Version 12.00
# Visual Studio Version 17
VisualStudioVersion = 17.8.34330.188
MinimumVisualStudioVersion = 10.0.40219.1
Project("{9A19103F-16F7-4668-BE54-9A1E7A4F7556}") = "T4.SourceGenerator", "src\T4.SourceGenerator\T4.SourceGenerator.csproj", "{77CA43FC-D185-4BBA-AEFE-FA2D3AA1435D}"
EndProject
Project("{9A19103F-16F7-4668-BE54-9A1E7A4F7556}") = "T4.SourceGenerator.Test", "tests\T4.SourceGenerator.Test\T4.SourceGenerator.Test.csproj", "{B39EC940-4ABA-4E40-8ACD-11C38FCD7780}"
EndProject
Project("{2150E333-8FDC-42A3-9474-1A3956D46DE8}") = "tests", "tests", "{1FA6F454-EE2B-4315-A287-39DE39293574}"
EndProject
Global
	GlobalSection(SolutionConfigurationPlatforms) = preSolution
		Debug|Any CPU = Debug|Any CPU
		Release|Any CPU = Release|Any CPU
	EndGlobalSection
	GlobalSection(ProjectConfigurationPlatforms) = postSolution
		{77CA43FC-D185-4BBA-AEFE-FA2D3AA1435D}.Debug|Any CPU.ActiveCfg = Debug|Any CPU
		{77CA43FC-D185-4BBA-AEFE-FA2D3AA1435D}.Debug|Any CPU.Build.0 = Debug|Any CPU
		{77CA43FC-D185-4BBA-AEFE-FA2D3AA1435D}.Release|Any CPU.ActiveCfg = Release|Any CPU
		{77CA43FC-D185-4BBA-AEFE-FA2D3AA1435D}.Release|Any CPU.Build.0 = Release|Any CPU
		{19041EF5-08DC-48B2-AE3E-10E813495B2E}.Debug|Any CPU.ActiveCfg = Debug|Any CPU
		{19041EF5-08DC-48B2-AE3E-10E813495B2E}.Debug|Any CPU.Build.0 = Debug|Any CPU
		{19041EF5-08DC-48B2-AE3E-10E813495B2E}.Release|Any CPU.ActiveCfg = Release|Any CPU
		{19041EF5-08DC-48B2-AE3E-10E813495B2E}.Release|Any CPU.Build.0 = Release|Any CPU
		{B39EC940-4ABA-4E40-8ACD-11C38FCD7780}.Debug|Any CPU.ActiveCfg = Debug|Any CPU
		{B39EC940-4ABA-4E40-8ACD-11C38FCD7780}.Debug|Any CPU.Build.0 = Debug|Any CPU
		{B39EC940-4ABA-4E40-8ACD-11C38FCD7780}.Release|Any CPU.ActiveCfg = Release|Any CPU
		{B39EC940-4ABA-4E40-8ACD-11C38FCD7780}.Release|Any CPU.Build.0 = Release|Any CPU
	EndGlobalSection
	GlobalSection(SolutionProperties) = preSolution
		HideSolutionNode = FALSE
	EndGlobalSection
	GlobalSection(NestedProjects) = preSolution
		{B39EC940-4ABA-4E40-8ACD-11C38FCD7780} = {1FA6F454-EE2B-4315-A287-39DE39293574}
	EndGlobalSection
	GlobalSection(ExtensibilityGlobals) = postSolution
		SolutionGuid = {9D3282B1-91F6-4C6B-9A50-4A4397ED8492}
	EndGlobalSection
EndGlobal
